filippo.io/edwards25519 v1.1.0 h1:FNf4tywRC1HmFuKW5xopWpigGjJKiJSV0Cqo0cJWDaA=
filippo.io/edwards25519 v1.1.0/go.mod h1:BxyFTGdWcka3PhytdK4V28tE5sGfRvvvRV7EaN4VDT4=
github.com/go-sql-driver/mysql v1.8.1 h1:LedoTUt/eveggdHS9qUFC1EFSa8bU2+1pZjSRpvNJ1Y=
github.com/go-sql-driver/mysql v1.8.1/go.mod h1:wEBSXgmK//2ZFJyE+qWnIsVGmvmEKlqwuVSjsCm7DZg=
github.com/google/uuid v1.6.0 h1:NIvaJDMOsjHA8n1jAhLSgzrAzy1Hgr+hNrb57e+94F0=
github.com/google/uuid v1.6.0/go.mod h1:TIyPZe4MgqvfeYDBFedMoGGpEw/LqOeaOT+nhxU+yHo=
github.com/tdeslauriers/carapace v0.0.82 h1:KFDNv4BaJo3+eYB/EPjmwz/ZUPwUUoOLu4FMNeKEnQk=
github.com/tdeslauriers/carapace v0.0.82/go.mod h1:sBb/Im2oYwhkEeU8rJP85LHAqBe6SKX74mlbTjr/lac=
github.com/tdeslauriers/carapace v0.0.83 h1:oNre1FIqxIYXuOabZPe37KCiND10Rh3BtLAEAzX6u60=
github.com/tdeslauriers/carapace v0.0.83/go.mod h1:sBb/Im2oYwhkEeU8rJP85LHAqBe6SKX74mlbTjr/lac=
github.com/tdeslauriers/carapace v0.0.84 h1:bRqlukEkcfyAqQ8+/HHrb2chtdlhwbZQyK1LRuJxKlQ=
github.com/tdeslauriers/carapace v0.0.84/go.mod h1:sBb/Im2oYwhkEeU8rJP85LHAqBe6SKX74mlbTjr/lac=
github.com/tdeslauriers/carapace v0.0.85 h1:K2eRHGTBUkuUTCfvm6X8h7GXee+2qy84RQl6fsqBlt8=
github.com/tdeslauriers/carapace v0.0.85/go.mod h1:sBb/Im2oYwhkEeU8rJP85LHAqBe6SKX74mlbTjr/lac=
github.com/tdeslauriers/carapace v0.0.86 h1:LaZboavBO51PftwgdiYDF1JvP6fG1FP2UQNiLZzN13g=
github.com/tdeslauriers/carapace v0.0.86/go.mod h1:sBb/Im2oYwhkEeU8rJP85LHAqBe6SKX74mlbTjr/lac=
github.com/tdeslauriers/carapace v0.0.87 h1:nwp/gPl2bsq4kQGfJBvDc+NMeV+jezcdH8Uruv60vTU=
github.com/tdeslauriers/carapace v0.0.87/go.mod h1:sBb/Im2oYwhkEeU8rJP85LHAqBe6SKX74mlbTjr/lac=
github.com/tdeslauriers/carapace v0.0.88 h1:oWPCraSK0A5wxVKXc84XVCTzvbjFZ6X/3KcW6pn+8Sk=
github.com/tdeslauriers/carapace v0.0.88/go.mod h1:sBb/Im2oYwhkEeU8rJP85LHAqBe6SKX74mlbTjr/lac=
github.com/tdeslauriers/carapace v0.0.89 h1:ukomLq2Ex7hz48W3bC0Uc5o1IiILmdTg4AsnkSpVME8=
github.com/tdeslauriers/carapace v0.0.89/go.mod h1:sBb/Im2oYwhkEeU8rJP85LHAqBe6SKX74mlbTjr/lac=
github.com/tdeslauriers/carapace v0.0.90 h1:X0vSPuflCi3rvDRDYZunpqYVm5OsX7EJ5DtPcu7tBJo=
github.com/tdeslauriers/carapace v0.0.90/go.mod h1:sBb/Im2oYwhkEeU8rJP85LHAqBe6SKX74mlbTjr/lac=
github.com/tdeslauriers/carapace v0.0.91 h1:fF5ANibpTEBPrxd9SOF7lwttXnrjE0nERbNMa+Ptz/I=
github.com/tdeslauriers/carapace v0.0.91/go.mod h1:sBb/Im2oYwhkEeU8rJP85LHAqBe6SKX74mlbTjr/lac=
github.com/tdeslauriers/carapace v0.0.92 h1:NX3M8IeueFfjFs+CN5Sn0qi1SgtUSaNz5yYhUQNnKa0=
github.com/tdeslauriers/carapace v0.0.92/go.mod h1:sBb/Im2oYwhkEeU8rJP85LHAqBe6SKX74mlbTjr/lac=
github.com/tdeslauriers/carapace v0.0.93 h1:yJzj4d+aTEbDYaWwpRddKR/7O2KwjOjIlty2IhoS16w=
github.com/tdeslauriers/carapace v0.0.93/go.mod h1:sBb/Im2oYwhkEeU8rJP85LHAqBe6SKX74mlbTjr/lac=
github.com/tdeslauriers/carapace v0.0.94 h1:/8pzKgdnCieDXxeWFqNGXfp9uD/clfgv8g9+GUpxxzg=
github.com/tdeslauriers/carapace v0.0.94/go.mod h1:sBb/Im2oYwhkEeU8rJP85LHAqBe6SKX74mlbTjr/lac=
github.com/tdeslauriers/carapace v0.0.97 h1:TbnefbzUCXsxjLpMgq/oj0F2botxQCwZod5d0OTX8xo=
github.com/tdeslauriers/carapace v0.0.97/go.mod h1:sBb/Im2oYwhkEeU8rJP85LHAqBe6SKX74mlbTjr/lac=
github.com/tdeslauriers/carapace v0.0.98 h1:sOIdEHEHmUrLLk+Nu4mn9CQaCWp+ncHfF2ulOufFeuY=
github.com/tdeslauriers/carapace v0.0.98/go.mod h1:sBb/Im2oYwhkEeU8rJP85LHAqBe6SKX74mlbTjr/lac=
github.com/tdeslauriers/carapace v0.0.103 h1:FmgBRmQXGF9jrn9cfIkN21tVEzyZhmbA5dtic0TAEn4=
github.com/tdeslauriers/carapace v0.0.103/go.mod h1:sBb/Im2oYwhkEeU8rJP85LHAqBe6SKX74mlbTjr/lac=
golang.org/x/crypto v0.23.0 h1:dIJU/v2J8Mdglj/8rJ6UUOM3Zc9zLZxVZwwxMooUSAI=
golang.org/x/crypto v0.23.0/go.mod h1:CKFgDieR+mRhux2Lsu27y0fO304Db0wZe70UKqHu0v8=
golang.org/x/crypto v0.24.0 h1:mnl8DM0o513X8fdIkmyFE/5hTYxbwYOjDS/+rK6qpRI=
golang.org/x/crypto v0.24.0/go.mod h1:Z1PMYSOR5nyMcyAVAIQSKCDwalqy85Aqn1x3Ws4L5DM=
