filippo.io/edwards25519 v1.1.0 h1:FNf4tywRC1HmFuKW5xopWpigGjJKiJSV0Cqo0cJWDaA=
filippo.io/edwards25519 v1.1.0/go.mod h1:BxyFTGdWcka3PhytdK4V28tE5sGfRvvvRV7EaN4VDT4=
github.com/go-sql-driver/mysql v1.8.1 h1:LedoTUt/eveggdHS9qUFC1EFSa8bU2+1pZjSRpvNJ1Y=
github.com/go-sql-driver/mysql v1.8.1/go.mod h1:wEBSXgmK//2ZFJyE+qWnIsVGmvmEKlqwuVSjsCm7DZg=
github.com/google/uuid v1.6.0 h1:NIvaJDMOsjHA8n1jAhLSgzrAzy1Hgr+hNrb57e+94F0=
github.com/google/uuid v1.6.0/go.mod h1:TIyPZe4MgqvfeYDBFedMoGGpEw/LqOeaOT+nhxU+yHo=
github.com/tdeslauriers/carapace v0.0.106 h1:WW1xb9Fj5BcGvfN8w/4NG0qWMb43+oSiJCpsbTPTbB4=
github.com/tdeslauriers/carapace v0.0.106/go.mod h1:sBb/Im2oYwhkEeU8rJP85LHAqBe6SKX74mlbTjr/lac=
github.com/tdeslauriers/carapace v0.0.107 h1:JwAGD6p1nAlrCfUlho15r+0TQxEJv24AzSOOr0IfGkc=
github.com/tdeslauriers/carapace v0.0.107/go.mod h1:sBb/Im2oYwhkEeU8rJP85LHAqBe6SKX74mlbTjr/lac=
github.com/tdeslauriers/carapace v0.0.110 h1:t6hGVAgkukLbFOAL2EVuBQG/59hI81/V9XpFPXyuyts=
github.com/tdeslauriers/carapace v0.0.110/go.mod h1:sBb/Im2oYwhkEeU8rJP85LHAqBe6SKX74mlbTjr/lac=
github.com/tdeslauriers/carapace v0.0.112 h1:/qUiLVQh8ZNeWe4D4/NBnVGVjwb0vJLj1j9gvVtjGBk=
github.com/tdeslauriers/carapace v0.0.112/go.mod h1:sBb/Im2oYwhkEeU8rJP85LHAqBe6SKX74mlbTjr/lac=
golang.org/x/crypto v0.25.0 h1:ypSNr+bnYL2YhwoMt2zPxHFmbAN1KZs/njMG3hxUp30=
golang.org/x/crypto v0.25.0/go.mod h1:T+wALwcMOSE0kXgUAnPAHqTLW+XHgcELELW8VaDgm/M=
