filippo.io/edwards25519 v1.2.0 h1:crnVqOiS4jqYleHd9vaKZ+HKtHfllngJIiOpNpoJsjo=
filippo.io/edwards25519 v1.2.0/go.mod h1:xzAOLCNug/yB62zG1bQ8uziwrIqIuxhctzJT18Q77mc=
github.com/go-sql-driver/mysql v1.9.3 h1:U/N249h2WzJ3Ukj8SowVFjdtZKfu9vlLZxjPXV1aweo=
github.com/go-sql-driver/mysql v1.9.3/go.mod h1:qn46aNg1333BRMNU69Lq93t8du/dwxI64Gl8i5p1WMU=
github.com/go-sql-driver/mysql v1.10.0 h1:Q+1LV8DkHJvSYAdR83XzuhDaTykuDx0l6fkXxoWCWfw=
github.com/go-sql-driver/mysql v1.10.0/go.mod h1:M+cqaI7+xxXGG9swrdeUIoPG3Y3KCkF0pZej+SK+nWk=
github.com/google/uuid v1.6.0 h1:NIvaJDMOsjHA8n1jAhLSgzrAzy1Hgr+hNrb57e+94F0=
github.com/google/uuid v1.6.0/go.mod h1:TIyPZe4MgqvfeYDBFedMoGGpEw/LqOeaOT+nhxU+yHo=
github.com/tdeslauriers/carapace v0.4.3 h1:tu7b2jOr22kty/Aj7FV/dAs9AtsYaOblQOQS7Rcgu+8=
github.com/tdeslauriers/carapace v0.4.3/go.mod h1:POP1x+ktyMrZye396aId6f88NdbqJmNnJZp6pZNEMww=
github.com/tdeslauriers/carapace v0.4.4 h1:JN34O63N2Rutj1R3jCm8CAvgHghxzQZaQI0za5UmYm0=
github.com/tdeslauriers/carapace v0.4.4/go.mod h1:POP1x+ktyMrZye396aId6f88NdbqJmNnJZp6pZNEMww=
github.com/tdeslauriers/ran v0.1.4 h1:98UIh5zMPKPKhaI3Xk79l5LMLZFTwuCxqHlOYu7WFQs=
github.com/tdeslauriers/ran v0.1.4/go.mod h1:6DcXFJVWAa0HFGNNQgS+Y8ypIiIoxQeVcQshOwS4ALc=
golang.org/x/crypto v0.50.0 h1:zO47/JPrL6vsNkINmLoo/PH1gcxpls50DNogFvB5ZGI=
golang.org/x/crypto v0.50.0/go.mod h1:3muZ7vA7PBCE6xgPX7nkzzjiUq87kRItoJQM1Yo8S+Q=
golang.org/x/sys v0.43.0 h1:Rlag2XtaFTxp19wS8MXlJwTvoh8ArU6ezoyFsMyCTNI=
golang.org/x/sys v0.43.0/go.mod h1:4GL1E5IUh+htKOUEOaiffhrAeqysfVGipDYzABqnCmw=
